# THIS IS AN AUTOGENERATED FILE. DO NOT EDIT THIS FILE DIRECTLY.
# yarn lockfile v1


dayjs@^1.10.7:
  version "1.11.7"
  resolved "https://registry.yarnpkg.com/dayjs/-/dayjs-1.11.7.tgz#4b296922642f70999544d1144a2c25730fce63e2"
  integrity sha512-+Yw9U6YO5TQohxLcIkrXBeY73WP3ejHWVvx8XCk3gxvQDCTEmS48ZrSZCKciI7Bhl/uCMyxYtE9UqRILmFphkQ==

tdesign-miniprogram@^1.1.1:
  version "1.1.1"
  resolved "https://registry.yarnpkg.com/tdesign-miniprogram/-/tdesign-miniprogram-1.1.1.tgz#58b1bf16209f1f257773eae6afa551f1011af658"
  integrity sha512-35RuAfR74Hq3HEsOS3NRHyP9S1vdMI8/JSXgtPNV805KEtD9rHRK3Rn9gD08UqvGyemVOoB1IVzwk63fie4t2A==
  dependencies:
    dayjs "^1.10.7"
